
Microsoft Visual Studio Solution File, Format Version 12.00
# Visual Studio Version 17
VisualStudioVersion = 17.14.36603.0 d17.14
MinimumVisualStudioVersion = 10.0.40219.1
Project("{FAE04EC0-301F-11D3-BF4B-00C04F79EFBC}") = "13-NullableEnumStruct", "13-NullableEnumStruct.csproj", "{3DB9FF40-D3D5-437C-858A-A588BA9F30BE}"
EndProject
Global
	GlobalSection(SolutionConfigurationPlatforms) = preSolution
		Debug|Any CPU = Debug|Any CPU
		Release|Any CPU = Release|Any CPU
	EndGlobalSection
	GlobalSection(ProjectConfigurationPlatforms) = postSolution
		{3DB9FF40-D3D5-437C-858A-A588BA9F30BE}.Debug|Any CPU.ActiveCfg = Debug|Any CPU
		{3DB9FF40-D3D5-437C-858A-A588BA9F30BE}.Debug|Any CPU.Build.0 = Debug|Any CPU
		{3DB9FF40-D3D5-437C-858A-A588BA9F30BE}.Release|Any CPU.ActiveCfg = Release|Any CPU
		{3DB9FF40-D3D5-437C-858A-A588BA9F30BE}.Release|Any CPU.Build.0 = Release|Any CPU
	EndGlobalSection
	GlobalSection(SolutionProperties) = preSolution
		HideSolutionNode = FALSE
	EndGlobalSection
	GlobalSection(ExtensibilityGlobals) = postSolution
		SolutionGuid = {B0B70B36-8D1E-4196-9FDE-201AE04B26AC}
	EndGlobalSection
EndGlobal
