
Microsoft Visual Studio Solution File, Format Version 12.00
# Visual Studio Version 17
VisualStudioVersion = 17.14.36518.9 d17.14
MinimumVisualStudioVersion = 10.0.40219.1
Project("{FAE04EC0-301F-11D3-BF4B-00C04F79EFBC}") = "15-UpcastingDowncastingExplicitImplicitFinalize(Destructor)", "15-UpcastingDowncastingExplicitImplicitFinalize(Destructor).csproj", "{2F51C93A-84C7-4823-8E01-64AF71205B71}"
EndProject
Global
	GlobalSection(SolutionConfigurationPlatforms) = preSolution
		Debug|Any CPU = Debug|Any CPU
		Release|Any CPU = Release|Any CPU
	EndGlobalSection
	GlobalSection(ProjectConfigurationPlatforms) = postSolution
		{2F51C93A-84C7-4823-8E01-64AF71205B71}.Debug|Any CPU.ActiveCfg = Debug|Any CPU
		{2F51C93A-84C7-4823-8E01-64AF71205B71}.Debug|Any CPU.Build.0 = Debug|Any CPU
		{2F51C93A-84C7-4823-8E01-64AF71205B71}.Release|Any CPU.ActiveCfg = Release|Any CPU
		{2F51C93A-84C7-4823-8E01-64AF71205B71}.Release|Any CPU.Build.0 = Release|Any CPU
	EndGlobalSection
	GlobalSection(SolutionProperties) = preSolution
		HideSolutionNode = FALSE
	EndGlobalSection
	GlobalSection(ExtensibilityGlobals) = postSolution
		SolutionGuid = {957C9A08-A226-431D-B264-FAEF400FF4FF}
	EndGlobalSection
EndGlobal
