
Microsoft Visual Studio Solution File, Format Version 12.00
# Visual Studio Version 17
VisualStudioVersion = 17.14.36603.0 d17.14
MinimumVisualStudioVersion = 10.0.40219.1
Project("{FAE04EC0-301F-11D3-BF4B-00C04F79EFBC}") = "ConsoleApp2", "ConsoleApp2.csproj", "{F9C3B87F-02DD-4F5A-86B7-8E7D32E09E8A}"
EndProject
Global
	GlobalSection(SolutionConfigurationPlatforms) = preSolution
		Debug|Any CPU = Debug|Any CPU
		Release|Any CPU = Release|Any CPU
	EndGlobalSection
	GlobalSection(ProjectConfigurationPlatforms) = postSolution
		{F9C3B87F-02DD-4F5A-86B7-8E7D32E09E8A}.Debug|Any CPU.ActiveCfg = Debug|Any CPU
		{F9C3B87F-02DD-4F5A-86B7-8E7D32E09E8A}.Debug|Any CPU.Build.0 = Debug|Any CPU
		{F9C3B87F-02DD-4F5A-86B7-8E7D32E09E8A}.Release|Any CPU.ActiveCfg = Release|Any CPU
		{F9C3B87F-02DD-4F5A-86B7-8E7D32E09E8A}.Release|Any CPU.Build.0 = Release|Any CPU
	EndGlobalSection
	GlobalSection(SolutionProperties) = preSolution
		HideSolutionNode = FALSE
	EndGlobalSection
	GlobalSection(ExtensibilityGlobals) = postSolution
		SolutionGuid = {0F744ACB-FD9B-4428-8EF0-6C4D8229116A}
	EndGlobalSection
EndGlobal
