
Microsoft Visual Studio Solution File, Format Version 12.00
# Visual Studio Version 17
VisualStudioVersion = 17.14.36623.8 d17.14
MinimumVisualStudioVersion = 10.0.40219.1
Project("{FAE04EC0-301F-11D3-BF4B-00C04F79EFBC}") = "17-Directory,StreamReader,StreamWritter,Serialization,deserialization", "17-Directory,StreamReader,StreamWritter,Serialization,deserialization.csproj", "{83D58083-AE3D-4E3C-A5B2-43392380B18C}"
EndProject
Global
	GlobalSection(SolutionConfigurationPlatforms) = preSolution
		Debug|Any CPU = Debug|Any CPU
		Release|Any CPU = Release|Any CPU
	EndGlobalSection
	GlobalSection(ProjectConfigurationPlatforms) = postSolution
		{83D58083-AE3D-4E3C-A5B2-43392380B18C}.Debug|Any CPU.ActiveCfg = Debug|Any CPU
		{83D58083-AE3D-4E3C-A5B2-43392380B18C}.Debug|Any CPU.Build.0 = Debug|Any CPU
		{83D58083-AE3D-4E3C-A5B2-43392380B18C}.Release|Any CPU.ActiveCfg = Release|Any CPU
		{83D58083-AE3D-4E3C-A5B2-43392380B18C}.Release|Any CPU.Build.0 = Release|Any CPU
	EndGlobalSection
	GlobalSection(SolutionProperties) = preSolution
		HideSolutionNode = FALSE
	EndGlobalSection
	GlobalSection(ExtensibilityGlobals) = postSolution
		SolutionGuid = {4BEE4F88-368D-4BC0-9E93-0703DE595A63}
	EndGlobalSection
EndGlobal
