
Microsoft Visual Studio Solution File, Format Version 12.00
# Visual Studio Version 17
VisualStudioVersion = 17.14.36705.20 d17.14
MinimumVisualStudioVersion = 10.0.40219.1
Project("{FAE04EC0-301F-11D3-BF4B-00C04F79EFBC}") = "32-WebApplication", "32-WebApplication.csproj", "{124F03A4-538A-4EC5-82A9-2ABE3E2C0E32}"
EndProject
Global
	GlobalSection(SolutionConfigurationPlatforms) = preSolution
		Debug|Any CPU = Debug|Any CPU
		Release|Any CPU = Release|Any CPU
	EndGlobalSection
	GlobalSection(ProjectConfigurationPlatforms) = postSolution
		{124F03A4-538A-4EC5-82A9-2ABE3E2C0E32}.Debug|Any CPU.ActiveCfg = Debug|Any CPU
		{124F03A4-538A-4EC5-82A9-2ABE3E2C0E32}.Debug|Any CPU.Build.0 = Debug|Any CPU
		{124F03A4-538A-4EC5-82A9-2ABE3E2C0E32}.Release|Any CPU.ActiveCfg = Release|Any CPU
		{124F03A4-538A-4EC5-82A9-2ABE3E2C0E32}.Release|Any CPU.Build.0 = Release|Any CPU
	EndGlobalSection
	GlobalSection(SolutionProperties) = preSolution
		HideSolutionNode = FALSE
	EndGlobalSection
	GlobalSection(ExtensibilityGlobals) = postSolution
		SolutionGuid = {03953500-6AD6-4B66-8935-4993074E02D8}
	EndGlobalSection
EndGlobal
