
Microsoft Visual Studio Solution File, Format Version 12.00
# Visual Studio Version 17
VisualStudioVersion = 17.14.36705.20 d17.14
MinimumVisualStudioVersion = 10.0.40219.1
Project("{FAE04EC0-301F-11D3-BF4B-00C04F79EFBC}") = "33-WebApplication", "33-WebApplication.csproj", "{22373C34-8EBD-40DA-ACA1-E35EFA340D1C}"
EndProject
Global
	GlobalSection(SolutionConfigurationPlatforms) = preSolution
		Debug|Any CPU = Debug|Any CPU
		Release|Any CPU = Release|Any CPU
	EndGlobalSection
	GlobalSection(ProjectConfigurationPlatforms) = postSolution
		{22373C34-8EBD-40DA-ACA1-E35EFA340D1C}.Debug|Any CPU.ActiveCfg = Debug|Any CPU
		{22373C34-8EBD-40DA-ACA1-E35EFA340D1C}.Debug|Any CPU.Build.0 = Debug|Any CPU
		{22373C34-8EBD-40DA-ACA1-E35EFA340D1C}.Release|Any CPU.ActiveCfg = Release|Any CPU
		{22373C34-8EBD-40DA-ACA1-E35EFA340D1C}.Release|Any CPU.Build.0 = Release|Any CPU
	EndGlobalSection
	GlobalSection(SolutionProperties) = preSolution
		HideSolutionNode = FALSE
	EndGlobalSection
	GlobalSection(ExtensibilityGlobals) = postSolution
		SolutionGuid = {E2EE475A-D8E9-4A91-BF2B-E60EF9B4E50F}
	EndGlobalSection
EndGlobal
